// !$*UTF8*$!
{
	archiveVersion = 1;
	classes = {
	};
	objectVersion = 56;
	objects = {

/* Begin PBXBuildFile section */
		3029690329CCFF1E00B6F280 /* RMCharacterViewController.swift in Sources */ = {isa = PBXBuildFile; fileRef = 3029690229CCFF1E00B6F280 /* RMCharacterViewController.swift */; };
		3029690529CCFF2900B6F280 /* RMEpisodeViewController.swift in Sources */ = {isa = PBXBuildFile; fileRef = 3029690429CCFF2900B6F280 /* RMEpisodeViewController.swift */; };
		3029690729CCFF3400B6F280 /* RMLocationViewController.swift in Sources */ = {isa = PBXBuildFile; fileRef = 3029690629CCFF3400B6F280 /* RMLocationViewController.swift */; };
		3029690929CCFF4500B6F280 /* RMSettingsViewController.swift in Sources */ = {isa = PBXBuildFile; fileRef = 3029690829CCFF4500B6F280 /* RMSettingsViewController.swift */; };
		3029690C29CCFF7100B6F280 /* RMCharacter.swift in Sources */ = {isa = PBXBuildFile; fileRef = 3029690B29CCFF7100B6F280 /* RMCharacter.swift */; };
		3029690E29CCFF7E00B6F280 /* RMEpisode.swift in Sources */ = {isa = PBXBuildFile; fileRef = 3029690D29CCFF7E00B6F280 /* RMEpisode.swift */; };
		3029691029CCFF8B00B6F280 /* RMLocation.swift in Sources */ = {isa = PBXBuildFile; fileRef = 3029690F29CCFF8B00B6F280 /* RMLocation.swift */; };
		302D0BBA29C0815A0052646F /* AppDelegate.swift in Sources */ = {isa = PBXBuildFile; fileRef = 302D0BB929C0815A0052646F /* AppDelegate.swift */; };
		302D0BBC29C0815A0052646F /* SceneDelegate.swift in Sources */ = {isa = PBXBuildFile; fileRef = 302D0BBB29C0815A0052646F /* SceneDelegate.swift */; };
		302D0BBE29C0815A0052646F /* RMTabBarController.swift in Sources */ = {isa = PBXBuildFile; fileRef = 302D0BBD29C0815A0052646F /* RMTabBarController.swift */; };
		302D0BC329C0815B0052646F /* Assets.xcassets in Resources */ = {isa = PBXBuildFile; fileRef = 302D0BC229C0815B0052646F /* Assets.xcassets */; };
		302D0BC629C0815B0052646F /* LaunchScreen.storyboard in Resources */ = {isa = PBXBuildFile; fileRef = 302D0BC429C0815B0052646F /* LaunchScreen.storyboard */; };
/* End PBXBuildFile section */

/* Begin PBXFileReference section */
		3029690229CCFF1E00B6F280 /* RMCharacterViewController.swift */ = {isa = PBXFileReference; lastKnownFileType = sourcecode.swift; path = RMCharacterViewController.swift; sourceTree = "<group>"; };
		3029690429CCFF2900B6F280 /* RMEpisodeViewController.swift */ = {isa = PBXFileReference; lastKnownFileType = sourcecode.swift; path = RMEpisodeViewController.swift; sourceTree = "<group>"; };
		3029690629CCFF3400B6F280 /* RMLocationViewController.swift */ = {isa = PBXFileReference; lastKnownFileType = sourcecode.swift; path = RMLocationViewController.swift; sourceTree = "<group>"; };
		3029690829CCFF4500B6F280 /* RMSettingsViewController.swift */ = {isa = PBXFileReference; lastKnownFileType = sourcecode.swift; path = RMSettingsViewController.swift; sourceTree = "<group>"; };
		3029690B29CCFF7100B6F280 /* RMCharacter.swift */ = {isa = PBXFileReference; lastKnownFileType = sourcecode.swift; path = RMCharacter.swift; sourceTree = "<group>"; };
		3029690D29CCFF7E00B6F280 /* RMEpisode.swift */ = {isa = PBXFileReference; lastKnownFileType = sourcecode.swift; path = RMEpisode.swift; sourceTree = "<group>"; };
		3029690F29CCFF8B00B6F280 /* RMLocation.swift */ = {isa = PBXFileReference; lastKnownFileType = sourcecode.swift; path = RMLocation.swift; sourceTree = "<group>"; };
		302D0BB629C0815A0052646F /* RickAndMorty.app */ = {isa = PBXFileReference; explicitFileType = wrapper.application; includeInIndex = 0; path = RickAndMorty.app; sourceTree = BUILT_PRODUCTS_DIR; };
		302D0BB929C0815A0052646F /* AppDelegate.swift */ = {isa = PBXFileReference; lastKnownFileType = sourcecode.swift; path = AppDelegate.swift; sourceTree = "<group>"; };
		302D0BBB29C0815A0052646F /* SceneDelegate.swift */ = {isa = PBXFileReference; lastKnownFileType = sourcecode.swift; path = SceneDelegate.swift; sourceTree = "<group>"; };
		302D0BBD29C0815A0052646F /* RMTabBarController.swift */ = {isa = PBXFileReference; lastKnownFileType = sourcecode.swift; path = RMTabBarController.swift; sourceTree = "<group>"; };
		302D0BC229C0815B0052646F /* Assets.xcassets */ = {isa = PBXFileReference; lastKnownFileType = folder.assetcatalog; path = Assets.xcassets; sourceTree = "<group>"; };
		302D0BC529C0815B0052646F /* Base */ = {isa = PBXFileReference; lastKnownFileType = file.storyboard; name = Base; path = Base.lproj/LaunchScreen.storyboard; sourceTree = "<group>"; };
		302D0BC729C0815B0052646F /* Info.plist */ = {isa = PBXFileReference; lastKnownFileType = text.plist.xml; path = Info.plist; sourceTree = "<group>"; };
/* End PBXFileReference section */

/* Begin PBXFrameworksBuildPhase section */
		302D0BB329C0815A0052646F /* Frameworks */ = {
			isa = PBXFrameworksBuildPhase;
			buildActionMask = 2147483647;
			files = (
			);
			runOnlyForDeploymentPostprocessing = 0;
		};
/* End PBXFrameworksBuildPhase section */

/* Begin PBXGroup section */
		302968FA29CCFC1F00B6F280 /* Support */ = {
			isa = PBXGroup;
			children = (
				302D0BC229C0815B0052646F /* Assets.xcassets */,
				302D0BC429C0815B0052646F /* LaunchScreen.storyboard */,
				302D0BB929C0815A0052646F /* AppDelegate.swift */,
				302D0BBB29C0815A0052646F /* SceneDelegate.swift */,
			);
			path = Support;
			sourceTree = "<group>";
		};
		302968FB29CCFCA500B6F280 /* Controllers */ = {
			isa = PBXGroup;
			children = (
				3029690A29CCFF4F00B6F280 /* Core */,
			);
			path = Controllers;
			sourceTree = "<group>";
		};
		302968FC29CCFCB200B6F280 /* Models */ = {
			isa = PBXGroup;
			children = (
				3029690B29CCFF7100B6F280 /* RMCharacter.swift */,
				3029690D29CCFF7E00B6F280 /* RMEpisode.swift */,
				3029690F29CCFF8B00B6F280 /* RMLocation.swift */,
			);
			path = Models;
			sourceTree = "<group>";
		};
		302968FD29CCFCB800B6F280 /* ViewModels */ = {
			isa = PBXGroup;
			children = (
			);
			path = ViewModels;
			sourceTree = "<group>";
		};
		302968FE29CCFCC000B6F280 /* Views */ = {
			isa = PBXGroup;
			children = (
			);
			path = Views;
			sourceTree = "<group>";
		};
		302968FF29CCFCF700B6F280 /* API Clients */ = {
			isa = PBXGroup;
			children = (
			);
			path = "API Clients";
			sourceTree = "<group>";
		};
		3029690029CCFD0100B6F280 /* Managers */ = {
			isa = PBXGroup;
			children = (
			);
			path = Managers;
			sourceTree = "<group>";
		};
		3029690A29CCFF4F00B6F280 /* Core */ = {
			isa = PBXGroup;
			children = (
				302D0BBD29C0815A0052646F /* RMTabBarController.swift */,
				3029690229CCFF1E00B6F280 /* RMCharacterViewController.swift */,
				3029690429CCFF2900B6F280 /* RMEpisodeViewController.swift */,
				3029690629CCFF3400B6F280 /* RMLocationViewController.swift */,
				3029690829CCFF4500B6F280 /* RMSettingsViewController.swift */,
			);
			path = Core;
			sourceTree = "<group>";
		};
		302D0BAD29C0815A0052646F = {
			isa = PBXGroup;
			children = (
				302D0BB829C0815A0052646F /* RickAndMorty */,
				302D0BB729C0815A0052646F /* Products */,
			);
			sourceTree = "<group>";
		};
		302D0BB729C0815A0052646F /* Products */ = {
			isa = PBXGroup;
			children = (
				302D0BB629C0815A0052646F /* RickAndMorty.app */,
			);
			name = Products;
			sourceTree = "<group>";
		};
		302D0BB829C0815A0052646F /* RickAndMorty */ = {
			isa = PBXGroup;
			children = (
				3029690029CCFD0100B6F280 /* Managers */,
				302968FF29CCFCF700B6F280 /* API Clients */,
				302968FA29CCFC1F00B6F280 /* Support */,
				302968FE29CCFCC000B6F280 /* Views */,
				302968FC29CCFCB200B6F280 /* Models */,
				302968FD29CCFCB800B6F280 /* ViewModels */,
				302968FB29CCFCA500B6F280 /* Controllers */,
				302D0BC729C0815B0052646F /* Info.plist */,
			);
			path = RickAndMorty;
			sourceTree = "<group>";
		};
/* End PBXGroup section */

/* Begin PBXNativeTarget section */
		302D0BB529C0815A0052646F /* RickAndMorty */ = {
			isa = PBXNativeTarget;
			buildConfigurationList = 302D0BCA29C0815B0052646F /* Build configuration list for PBXNativeTarget "RickAndMorty" */;
			buildPhases = (
				302D0BB229C0815A0052646F /* Sources */,
				302D0BB329C0815A0052646F /* Frameworks */,
				302D0BB429C0815A0052646F /* Resources */,
			);
			buildRules = (
			);
			dependencies = (
			);
			name = RickAndMorty;
			productName = RickAndMorty;
			productReference = 302D0BB629C0815A0052646F /* RickAndMorty.app */;
			productType = "com.apple.product-type.application";
		};
/* End PBXNativeTarget section */

/* Begin PBXProject section */
		302D0BAE29C0815A0052646F /* Project object */ = {
			isa = PBXProject;
			attributes = {
				BuildIndependentTargetsInParallel = 1;
				LastSwiftUpdateCheck = 1410;
				LastUpgradeCheck = 1410;
				TargetAttributes = {
					302D0BB529C0815A0052646F = {
						CreatedOnToolsVersion = 14.1;
					};
				};
			};
			buildConfigurationList = 302D0BB129C0815A0052646F /* Build configuration list for PBXProject "RickAndMorty" */;
			compatibilityVersion = "Xcode 14.0";
			developmentRegion = en;
			hasScannedForEncodings = 0;
			knownRegions = (
				en,
				Base,
			);
			mainGroup = 302D0BAD29C0815A0052646F;
			productRefGroup = 302D0BB729C0815A0052646F /* Products */;
			projectDirPath = "";
			projectRoot = "";
			targets = (
				302D0BB529C0815A0052646F /* RickAndMorty */,
			);
		};
/* End PBXProject section */

/* Begin PBXResourcesBuildPhase section */
		302D0BB429C0815A0052646F /* Resources */ = {
			isa = PBXResourcesBuildPhase;
			buildActionMask = 2147483647;
			files = (
				302D0BC629C0815B0052646F /* LaunchScreen.storyboard in Resources */,
				302D0BC329C0815B0052646F /* Assets.xcassets in Resources */,
			);
			runOnlyForDeploymentPostprocessing = 0;
		};
/* End PBXResourcesBuildPhase section */

/* Begin PBXSourcesBuildPhase section */
		302D0BB229C0815A0052646F /* Sources */ = {
			isa = PBXSourcesBuildPhase;
			buildActionMask = 2147483647;
			files = (
				3029690C29CCFF7100B6F280 /* RMCharacter.swift in Sources */,
				3029690729CCFF3400B6F280 /* RMLocationViewController.swift in Sources */,
				302D0BBE29C0815A0052646F /* RMTabBarController.swift in Sources */,
				3029690E29CCFF7E00B6F280 /* RMEpisode.swift in Sources */,
				3029690329CCFF1E00B6F280 /* RMCharacterViewController.swift in Sources */,
				302D0BBA29C0815A0052646F /* AppDelegate.swift in Sources */,
				3029690529CCFF2900B6F280 /* RMEpisodeViewController.swift in Sources */,
				3029691029CCFF8B00B6F280 /* RMLocation.swift in Sources */,
				3029690929CCFF4500B6F280 /* RMSettingsViewController.swift in Sources */,
				302D0BBC29C0815A0052646F /* SceneDelegate.swift in Sources */,
			);
			runOnlyForDeploymentPostprocessing = 0;
		};
/* End PBXSourcesBuildPhase section */

/* Begin PBXVariantGroup section */
		302D0BC429C0815B0052646F /* LaunchScreen.storyboard */ = {
			isa = PBXVariantGroup;
			children = (
				302D0BC529C0815B0052646F /* Base */,
			);
			name = LaunchScreen.storyboard;
			sourceTree = "<group>";
		};
/* End PBXVariantGroup section */

/* Begin XCBuildConfiguration section */
		302D0BC829C0815B0052646F /* Debug */ = {
			isa = XCBuildConfiguration;
			buildSettings = {
				ALWAYS_SEARCH_USER_PATHS = NO;
				CLANG_ANALYZER_NONNULL = YES;
				CLANG_ANALYZER_NUMBER_OBJECT_CONVERSION = YES_AGGRESSIVE;
				CLANG_CXX_LANGUAGE_STANDARD = "gnu++20";
				CLANG_ENABLE_MODULES = YES;
				CLANG_ENABLE_OBJC_ARC = YES;
				CLANG_ENABLE_OBJC_WEAK = YES;
				CLANG_WARN_BLOCK_CAPTURE_AUTORELEASING = YES;
				CLANG_WARN_BOOL_CONVERSION = YES;
				CLANG_WARN_COMMA = YES;
				CLANG_WARN_CONSTANT_CONVERSION = YES;
				CLANG_WARN_DEPRECATED_OBJC_IMPLEMENTATIONS = YES;
				CLANG_WARN_DIRECT_OBJC_ISA_USAGE = YES_ERROR;
				CLANG_WARN_DOCUMENTATION_COMMENTS = YES;
				CLANG_WARN_EMPTY_BODY = YES;
				CLANG_WARN_ENUM_CONVERSION = YES;
				CLANG_WARN_INFINITE_RECURSION = YES;
				CLANG_WARN_INT_CONVERSION = YES;
				CLANG_WARN_NON_LITERAL_NULL_CONVERSION = YES;
				CLANG_WARN_OBJC_IMPLICIT_RETAIN_SELF = YES;
				CLANG_WARN_OBJC_LITERAL_CONVERSION = YES;
				CLANG_WARN_OBJC_ROOT_CLASS = YES_ERROR;
				CLANG_WARN_QUOTED_INCLUDE_IN_FRAMEWORK_HEADER = YES;
				CLANG_WARN_RANGE_LOOP_ANALYSIS = YES;
				CLANG_WARN_STRICT_PROTOTYPES = YES;
				CLANG_WARN_SUSPICIOUS_MOVE = YES;
				CLANG_WARN_UNGUARDED_AVAILABILITY = YES_AGGRESSIVE;
				CLANG_WARN_UNREACHABLE_CODE = YES;
				CLANG_WARN__DUPLICATE_METHOD_MATCH = YES;
				COPY_PHASE_STRIP = NO;
				DEBUG_INFORMATION_FORMAT = dwarf;
				ENABLE_STRICT_OBJC_MSGSEND = YES;
				ENABLE_TESTABILITY = YES;
				GCC_C_LANGUAGE_STANDARD = gnu11;
				GCC_DYNAMIC_NO_PIC = NO;
				GCC_NO_COMMON_BLOCKS = YES;
				GCC_OPTIMIZATION_LEVEL = 0;
				GCC_PREPROCESSOR_DEFINITIONS = (
					"DEBUG=1",
					"$(inherited)",
				);
				GCC_WARN_64_TO_32_BIT_CONVERSION = YES;
				GCC_WARN_ABOUT_RETURN_TYPE = YES_ERROR;
				GCC_WARN_UNDECLARED_SELECTOR = YES;
				GCC_WARN_UNINITIALIZED_AUTOS = YES_AGGRESSIVE;
				GCC_WARN_UNUSED_FUNCTION = YES;
				GCC_WARN_UNUSED_VARIABLE = YES;
				IPHONEOS_DEPLOYMENT_TARGET = 16.1;
				MTL_ENABLE_DEBUG_INFO = INCLUDE_SOURCE;
				MTL_FAST_MATH = YES;
				ONLY_ACTIVE_ARCH = YES;
				SDKROOT = iphoneos;
				SWIFT_ACTIVE_COMPILATION_CONDITIONS = DEBUG;
				SWIFT_OPTIMIZATION_LEVEL = "-Onone";
			};
			name = Debug;
		};
		302D0BC929C0815B0052646F /* Release */ = {
			isa = XCBuildConfiguration;
			buildSettings = {
				ALWAYS_SEARCH_USER_PATHS = NO;
				CLANG_ANALYZER_NONNULL = YES;
				CLANG_ANALYZER_NUMBER_OBJECT_CONVERSION = YES_AGGRESSIVE;
				CLANG_CXX_LANGUAGE_STANDARD = "gnu++20";
				CLANG_ENABLE_MODULES = YES;
				CLANG_ENABLE_OBJC_ARC = YES;
				CLANG_ENABLE_OBJC_WEAK = YES;
				CLANG_WARN_BLOCK_CAPTURE_AUTORELEASING = YES;
				CLANG_WARN_BOOL_CONVERSION = YES;
				CLANG_WARN_COMMA = YES;
				CLANG_WARN_CONSTANT_CONVERSION = YES;
				CLANG_WARN_DEPRECATED_OBJC_IMPLEMENTATIONS = YES;
				CLANG_WARN_DIRECT_OBJC_ISA_USAGE = YES_ERROR;
				CLANG_WARN_DOCUMENTATION_COMMENTS = YES;
				CLANG_WARN_EMPTY_BODY = YES;
				CLANG_WARN_ENUM_CONVERSION = YES;
				CLANG_WARN_INFINITE_RECURSION = YES;
				CLANG_WARN_INT_CONVERSION = YES;
				CLANG_WARN_NON_LITERAL_NULL_CONVERSION = YES;
				CLANG_WARN_OBJC_IMPLICIT_RETAIN_SELF = YES;
				CLANG_WARN_OBJC_LITERAL_CONVERSION = YES;
				CLANG_WARN_OBJC_ROOT_CLASS = YES_ERROR;
				CLANG_WARN_QUOTED_INCLUDE_IN_FRAMEWORK_HEADER = YES;
				CLANG_WARN_RANGE_LOOP_ANALYSIS = YES;
				CLANG_WARN_STRICT_PROTOTYPES = YES;
				CLANG_WARN_SUSPICIOUS_MOVE = YES;
				CLANG_WARN_UNGUARDED_AVAILABILITY = YES_AGGRESSIVE;
				CLANG_WARN_UNREACHABLE_CODE = YES;
				CLANG_WARN__DUPLICATE_METHOD_MATCH = YES;
				COPY_PHASE_STRIP = NO;
				DEBUG_INFORMATION_FORMAT = "dwarf-with-dsym";
				ENABLE_NS_ASSERTIONS = NO;
				ENABLE_STRICT_OBJC_MSGSEND = YES;
				GCC_C_LANGUAGE_STANDARD = gnu11;
				GCC_NO_COMMON_BLOCKS = YES;
				GCC_WARN_64_TO_32_BIT_CONVERSION = YES;
				GCC_WARN_ABOUT_RETURN_TYPE = YES_ERROR;
				GCC_WARN_UNDECLARED_SELECTOR = YES;
				GCC_WARN_UNINITIALIZED_AUTOS = YES_AGGRESSIVE;
				GCC_WARN_UNUSED_FUNCTION = YES;
				GCC_WARN_UNUSED_VARIABLE = YES;
				IPHONEOS_DEPLOYMENT_TARGET = 16.1;
				MTL_ENABLE_DEBUG_INFO = NO;
				MTL_FAST_MATH = YES;
				SDKROOT = iphoneos;
				SWIFT_COMPILATION_MODE = wholemodule;
				SWIFT_OPTIMIZATION_LEVEL = "-O";
				VALIDATE_PRODUCT = YES;
			};
			name = Release;
		};
		302D0BCB29C0815B0052646F /* Debug */ = {
			isa = XCBuildConfiguration;
			buildSettings = {
				ASSETCATALOG_COMPILER_APPICON_NAME = AppIcon;
				ASSETCATALOG_COMPILER_GLOBAL_ACCENT_COLOR_NAME = AccentColor;
				CODE_SIGN_STYLE = Automatic;
				CURRENT_PROJECT_VERSION = 1;
				DEVELOPMENT_TEAM = R5539S8Y27;
				GENERATE_INFOPLIST_FILE = YES;
				INFOPLIST_FILE = RickAndMorty/Info.plist;
				INFOPLIST_KEY_UIApplicationSupportsIndirectInputEvents = YES;
				INFOPLIST_KEY_UILaunchStoryboardName = LaunchScreen;
				INFOPLIST_KEY_UISupportedInterfaceOrientations_iPad = "UIInterfaceOrientationPortrait UIInterfaceOrientationPortraitUpsideDown UIInterfaceOrientationLandscapeLeft UIInterfaceOrientationLandscapeRight";
				INFOPLIST_KEY_UISupportedInterfaceOrientations_iPhone = "UIInterfaceOrientationPortrait UIInterfaceOrientationLandscapeLeft UIInterfaceOrientationLandscapeRight";
				LD_RUNPATH_SEARCH_PATHS = (
					"$(inherited)",
					"@executable_path/Frameworks",
				);
				MARKETING_VERSION = 1.0;
				PRODUCT_BUNDLE_IDENTIFIER = com.bakenova.RickAndMorty;
				PRODUCT_NAME = "$(TARGET_NAME)";
				SWIFT_EMIT_LOC_STRINGS = YES;
				SWIFT_VERSION = 5.0;
				TARGETED_DEVICE_FAMILY = "1,2";
			};
			name = Debug;
		};
		302D0BCC29C0815B0052646F /* Release */ = {
			isa = XCBuildConfiguration;
			buildSettings = {
				ASSETCATALOG_COMPILER_APPICON_NAME = AppIcon;
				ASSETCATALOG_COMPILER_GLOBAL_ACCENT_COLOR_NAME = AccentColor;
				CODE_SIGN_STYLE = Automatic;
				CURRENT_PROJECT_VERSION = 1;
				DEVELOPMENT_TEAM = R5539S8Y27;
				GENERATE_INFOPLIST_FILE = YES;
				INFOPLIST_FILE = RickAndMorty/Info.plist;
				INFOPLIST_KEY_UIApplicationSupportsIndirectInputEvents = YES;
				INFOPLIST_KEY_UILaunchStoryboardName = LaunchScreen;
				INFOPLIST_KEY_UISupportedInterfaceOrientations_iPad = "UIInterfaceOrientationPortrait UIInterfaceOrientationPortraitUpsideDown UIInterfaceOrientationLandscapeLeft UIInterfaceOrientationLandscapeRight";
				INFOPLIST_KEY_UISupportedInterfaceOrientations_iPhone = "UIInterfaceOrientationPortrait UIInterfaceOrientationLandscapeLeft UIInterfaceOrientationLandscapeRight";
				LD_RUNPATH_SEARCH_PATHS = (
					"$(inherited)",
					"@executable_path/Frameworks",
				);
				MARKETING_VERSION = 1.0;
				PRODUCT_BUNDLE_IDENTIFIER = com.bakenova.RickAndMorty;
				PRODUCT_NAME = "$(TARGET_NAME)";
				SWIFT_EMIT_LOC_STRINGS = YES;
				SWIFT_VERSION = 5.0;
				TARGETED_DEVICE_FAMILY = "1,2";
			};
			name = Release;
		};
/* End XCBuildConfiguration section */

/* Begin XCConfigurationList section */
		302D0BB129C0815A0052646F /* Build configuration list for PBXProject "RickAndMorty" */ = {
			isa = XCConfigurationList;
			buildConfigurations = (
				302D0BC829C0815B0052646F /* Debug */,
				302D0BC929C0815B0052646F /* Release */,
			);
			defaultConfigurationIsVisible = 0;
			defaultConfigurationName = Release;
		};
		302D0BCA29C0815B0052646F /* Build configuration list for PBXNativeTarget "RickAndMorty" */ = {
			isa = XCConfigurationList;
			buildConfigurations = (
				302D0BCB29C0815B0052646F /* Debug */,
				302D0BCC29C0815B0052646F /* Release */,
			);
			defaultConfigurationIsVisible = 0;
			defaultConfigurationName = Release;
		};
/* End XCConfigurationList section */
	};
	rootObject = 302D0BAE29C0815A0052646F /* Project object */;
}
